
Microsoft Visual Studio Solution File, Format Version 12.00
# Visual Studio 2013
VisualStudioVersion = 12.0.21005.1
MinimumVisualStudioVersion = 10.0.40219.1
Project("{FAE04EC0-301F-11D3-BF4B-00C04F79EFBC}") = "Stemming", "Stemming\Stemming.csproj", "{F186CE1E-835C-4D75-9107-8D110E01863A}"
	ProjectSection(ProjectDependencies) = postProject
		{15B90F1A-CC8B-40E4-8393-33DC33898D46} = {15B90F1A-CC8B-40E4-8393-33DC33898D46}
	EndProjectSection
EndProject
Project("{FAE04EC0-301F-11D3-BF4B-00C04F79EFBC}") = "stem", "stem\stem.csproj", "{15B90F1A-CC8B-40E4-8393-33DC33898D46}"
EndProject
Global
	GlobalSection(SolutionConfigurationPlatforms) = preSolution
		Debug|Any CPU = Debug|Any CPU
		Release|Any CPU = Release|Any CPU
	EndGlobalSection
	GlobalSection(ProjectConfigurationPlatforms) = postSolution
		{F186CE1E-835C-4D75-9107-8D110E01863A}.Debug|Any CPU.ActiveCfg = Debug|Any CPU
		{F186CE1E-835C-4D75-9107-8D110E01863A}.Debug|Any CPU.Build.0 = Debug|Any CPU
		{F186CE1E-835C-4D75-9107-8D110E01863A}.Release|Any CPU.ActiveCfg = Release|Any CPU
		{F186CE1E-835C-4D75-9107-8D110E01863A}.Release|Any CPU.Build.0 = Release|Any CPU
		{15B90F1A-CC8B-40E4-8393-33DC33898D46}.Debug|Any CPU.ActiveCfg = Debug|Any CPU
		{15B90F1A-CC8B-40E4-8393-33DC33898D46}.Debug|Any CPU.Build.0 = Debug|Any CPU
		{15B90F1A-CC8B-40E4-8393-33DC33898D46}.Release|Any CPU.ActiveCfg = Release|Any CPU
		{15B90F1A-CC8B-40E4-8393-33DC33898D46}.Release|Any CPU.Build.0 = Release|Any CPU
	EndGlobalSection
	GlobalSection(SolutionProperties) = preSolution
		HideSolutionNode = FALSE
	EndGlobalSection
EndGlobal
